
Microsoft Visual Studio Solution File, Format Version 11.00
# Visual Studio 2010
Project("{8BC9CEB8-8B4A-11D0-8D11-00A0C91BC942}") = "stl", "stl.vcxproj", "{64FEB6C7-5323-49FC-991E-50383818D23C}"
EndProject
Project("{8BC9CEB8-8B4A-11D0-8D11-00A0C91BC942}") = "stltest", "..\stltest\stltest.vcxproj", "{F44CACC9-5778-4832-AD33-9FBA0CF1EE41}"
EndProject
Global
	GlobalSection(SolutionConfigurationPlatforms) = preSolution
		Debug|Win32 = Debug|Win32
		Release|Win32 = Release|Win32
	EndGlobalSection
	GlobalSection(ProjectConfigurationPlatforms) = postSolution
		{64FEB6C7-5323-49FC-991E-50383818D23C}.Debug|Win32.ActiveCfg = Debug|Win32
		{64FEB6C7-5323-49FC-991E-50383818D23C}.Debug|Win32.Build.0 = Debug|Win32
		{64FEB6C7-5323-49FC-991E-50383818D23C}.Release|Win32.ActiveCfg = Release|Win32
		{64FEB6C7-5323-49FC-991E-50383818D23C}.Release|Win32.Build.0 = Release|Win32
		{F44CACC9-5778-4832-AD33-9FBA0CF1EE41}.Debug|Win32.ActiveCfg = Debug|Win32
		{F44CACC9-5778-4832-AD33-9FBA0CF1EE41}.Debug|Win32.Build.0 = Debug|Win32
		{F44CACC9-5778-4832-AD33-9FBA0CF1EE41}.Release|Win32.ActiveCfg = Release|Win32
		{F44CACC9-5778-4832-AD33-9FBA0CF1EE41}.Release|Win32.Build.0 = Release|Win32
	EndGlobalSection
	GlobalSection(SolutionProperties) = preSolution
		HideSolutionNode = FALSE
	EndGlobalSection
EndGlobal
